
Microsoft Visual Studio Solution File, Format Version 12.00
# Visual Studio Version 17
VisualStudioVersion = 17.5.33424.131
MinimumVisualStudioVersion = 10.0.40219.1
Project("{FAE04EC0-301F-11D3-BF4B-00C04F79EFBC}") = "J3000_23f", "J3000_23f\J3000_23f.csproj", "{3AC0DF22-B368-4E76-985E-363035CB3040}"
EndProject
Global
	GlobalSection(SolutionConfigurationPlatforms) = preSolution
		Debug|Any CPU = Debug|Any CPU
		Release|Any CPU = Release|Any CPU
	EndGlobalSection
	GlobalSection(ProjectConfigurationPlatforms) = postSolution
		{3AC0DF22-B368-4E76-985E-363035CB3040}.Debug|Any CPU.ActiveCfg = Debug|Any CPU
		{3AC0DF22-B368-4E76-985E-363035CB3040}.Debug|Any CPU.Build.0 = Debug|Any CPU
		{3AC0DF22-B368-4E76-985E-363035CB3040}.Release|Any CPU.ActiveCfg = Release|Any CPU
		{3AC0DF22-B368-4E76-985E-363035CB3040}.Release|Any CPU.Build.0 = Release|Any CPU
	EndGlobalSection
	GlobalSection(SolutionProperties) = preSolution
		HideSolutionNode = FALSE
	EndGlobalSection
	GlobalSection(ExtensibilityGlobals) = postSolution
		SolutionGuid = {F7A29E28-113A-4FAD-B0AA-3B8E138FE336}
	EndGlobalSection
EndGlobal
